# Prisma Migrate lockfile v1

20201119070955-initial-migration
20201119071155-init
20201120205532-add-initial-tables
20201120205652-initial
20201121105506-added-calendars-to-user
20201121110211-hopefully-addded-calendars-to-user
20201128210354
20201201112949-added-schedule-to-meeting
20201201131428-time-is-now-string-type
20201207124635-rename--password--to--encrypted-password
20201214133307
20201218103048-remove-null-from-user-name
20201226142038-added-location-to-meeting